
Microsoft Visual Studio Solution File, Format Version 12.00
# Visual Studio 2012
Project("{FAE04EC0-301F-11D3-BF4B-00C04F79EFBC}") = "RiceAlumni.StaffDirectory", "Orchard.Web\Modules\RiceAlumni.StaffDirectory\RiceAlumni.StaffDirectory.csproj", "{1141AC35-BF0D-4674-A37F-6C71E0B48718}"
EndProject
Project("{FAE04EC0-301F-11D3-BF4B-00C04F79EFBC}") = "RiceAlumni.Theme", "Orchard.Web\Themes\RiceAlumni.Theme\RiceAlumni.Theme.csproj", "{FE63A44E-84D0-49C1-98CB-D4209D5FDE52}"
EndProject
Project("{00D1A9C2-B5F0-4AF3-8072-F6C62B433612}") = "RiceAlumni.Database", "RiceAlumni.Database\RiceAlumni.Database.sqlproj", "{1D8DB1D3-D659-4DBF-B68C-A8C144B69D49}"
EndProject
Global
	GlobalSection(SolutionConfigurationPlatforms) = preSolution
		Debug|Any CPU = Debug|Any CPU
		Release|Any CPU = Release|Any CPU
	EndGlobalSection
	GlobalSection(ProjectConfigurationPlatforms) = postSolution
		{1141AC35-BF0D-4674-A37F-6C71E0B48718}.Debug|Any CPU.ActiveCfg = Debug|Any CPU
		{1141AC35-BF0D-4674-A37F-6C71E0B48718}.Debug|Any CPU.Build.0 = Debug|Any CPU
		{1141AC35-BF0D-4674-A37F-6C71E0B48718}.Release|Any CPU.ActiveCfg = Release|Any CPU
		{1141AC35-BF0D-4674-A37F-6C71E0B48718}.Release|Any CPU.Build.0 = Release|Any CPU
		{FE63A44E-84D0-49C1-98CB-D4209D5FDE52}.Debug|Any CPU.ActiveCfg = Debug|Any CPU
		{FE63A44E-84D0-49C1-98CB-D4209D5FDE52}.Debug|Any CPU.Build.0 = Debug|Any CPU
		{FE63A44E-84D0-49C1-98CB-D4209D5FDE52}.Release|Any CPU.ActiveCfg = Release|Any CPU
		{FE63A44E-84D0-49C1-98CB-D4209D5FDE52}.Release|Any CPU.Build.0 = Release|Any CPU
		{1D8DB1D3-D659-4DBF-B68C-A8C144B69D49}.Debug|Any CPU.ActiveCfg = Debug|Any CPU
		{1D8DB1D3-D659-4DBF-B68C-A8C144B69D49}.Debug|Any CPU.Build.0 = Debug|Any CPU
		{1D8DB1D3-D659-4DBF-B68C-A8C144B69D49}.Debug|Any CPU.Deploy.0 = Debug|Any CPU
		{1D8DB1D3-D659-4DBF-B68C-A8C144B69D49}.Release|Any CPU.ActiveCfg = Release|Any CPU
		{1D8DB1D3-D659-4DBF-B68C-A8C144B69D49}.Release|Any CPU.Build.0 = Release|Any CPU
		{1D8DB1D3-D659-4DBF-B68C-A8C144B69D49}.Release|Any CPU.Deploy.0 = Release|Any CPU
	EndGlobalSection
	GlobalSection(SolutionProperties) = preSolution
		HideSolutionNode = FALSE
	EndGlobalSection
EndGlobal
